
Microsoft Visual Studio Solution File, Format Version 12.00
# Visual Studio Version 16
VisualStudioVersion = 16.0.32510.428
MinimumVisualStudioVersion = 10.0.40219.1
Project("{9A19103F-16F7-4668-BE54-9A1E7A4F7556}") = "RandomNumbers", "RandomNumbers\RandomNumbers.csproj", "{35ADFB6F-BC6B-4D11-96C3-D71EDECF4AA4}"
EndProject
Project("{2150E333-8FDC-42A3-9474-1A3956D46DE8}") = "Random Numbers", "Random Numbers", "{1A8D2D6C-8DFD-4A97-8C95-65D0260131C1}"
EndProject
Project("{2150E333-8FDC-42A3-9474-1A3956D46DE8}") = "Hashing", "Hashing", "{486E2DA4-DDA4-4402-A6D3-4ED1A8EF7ABE}"
EndProject
Project("{9A19103F-16F7-4668-BE54-9A1E7A4F7556}") = "Hashing", "Hashing\Hashing.csproj", "{E635D331-B4E1-436E-BA6D-93ADD33D9267}"
EndProject
Project("{9A19103F-16F7-4668-BE54-9A1E7A4F7556}") = "HMAC", "HMAC\HMAC.csproj", "{A93749AB-B3F0-4F3A-9FD3-7AE843DB9965}"
EndProject
Project("{9A19103F-16F7-4668-BE54-9A1E7A4F7556}") = "PBKDF2", "PBKDF2\PBKDF2.csproj", "{50EA8D50-4F05-4857-B906-FD8284159373}"
EndProject
Project("{9A19103F-16F7-4668-BE54-9A1E7A4F7556}") = "Hash", "Hash\Hash.csproj", "{0D43658C-9711-4722-8DD2-BC58F0D45553}"
EndProject
Project("{2150E333-8FDC-42A3-9474-1A3956D46DE8}") = "Encryption", "Encryption", "{2CC38F4F-57E9-4C31-9FDC-D80D528E4487}"
EndProject
Project("{9A19103F-16F7-4668-BE54-9A1E7A4F7556}") = "AES", "AES\AES.csproj", "{1528A09E-604C-431C-BCFE-86ED9999BD5A}"
EndProject
Project("{9A19103F-16F7-4668-BE54-9A1E7A4F7556}") = "ProtectedDataExample", "ProtectedDataExample\ProtectedDataExample.csproj", "{0FBCE0B6-808F-4191-B7BF-F15C1DF38434}"
EndProject
Project("{9A19103F-16F7-4668-BE54-9A1E7A4F7556}") = "RSA", "RSA\RSA.csproj", "{2F24353E-198D-4081-9968-A4F4659F4739}"
EndProject
Project("{2150E333-8FDC-42A3-9474-1A3956D46DE8}") = "Digital Signatures", "Digital Signatures", "{A3166C81-CFFD-4B3D-9E10-B8032B8DFB20}"
EndProject
Project("{9A19103F-16F7-4668-BE54-9A1E7A4F7556}") = "DigitalSignature", "DigitalSignature\DigitalSignature.csproj", "{60595706-BEA2-4B40-BA48-F191F8363401}"
EndProject
Project("{2150E333-8FDC-42A3-9474-1A3956D46DE8}") = "Hybrid", "Hybrid", "{D2BAD780-74A5-4E5C-8515-79EE157F98BF}"
EndProject
Project("{FAE04EC0-301F-11D3-BF4B-00C04F79EFBC}") = "Hybrid", "Hybrid\Hybrid.csproj", "{404B5D01-AD89-4B01-BC25-9AC741A79C05}"
EndProject
Project("{FAE04EC0-301F-11D3-BF4B-00C04F79EFBC}") = "HybridWithIntegrity", "HybridWithIntegrity\HybridWithIntegrity.csproj", "{19F3B6E8-171F-4404-BD7E-1429C70B28B2}"
EndProject
Project("{FAE04EC0-301F-11D3-BF4B-00C04F79EFBC}") = "HybridWithIntegrityAndSignature", "HybridWithIntegrityAndSignature\HybridWithIntegrityAndSignature.csproj", "{879732AE-DE9A-4AC4-93BF-E2344D823DC6}"
EndProject
Project("{FAE04EC0-301F-11D3-BF4B-00C04F79EFBC}") = "HybridWithIntegrityAndSignatureGCM", "HybridWithIntegrityAndSignatureGCM\HybridWithIntegrityAndSignatureGCM.csproj", "{D771DB7E-7D92-44AA-86C7-1275881F5D07}"
EndProject
Global
	GlobalSection(SolutionConfigurationPlatforms) = preSolution
		Debug|Any CPU = Debug|Any CPU
		Release|Any CPU = Release|Any CPU
	EndGlobalSection
	GlobalSection(ProjectConfigurationPlatforms) = postSolution
		{35ADFB6F-BC6B-4D11-96C3-D71EDECF4AA4}.Debug|Any CPU.ActiveCfg = Debug|Any CPU
		{35ADFB6F-BC6B-4D11-96C3-D71EDECF4AA4}.Debug|Any CPU.Build.0 = Debug|Any CPU
		{35ADFB6F-BC6B-4D11-96C3-D71EDECF4AA4}.Release|Any CPU.ActiveCfg = Release|Any CPU
		{35ADFB6F-BC6B-4D11-96C3-D71EDECF4AA4}.Release|Any CPU.Build.0 = Release|Any CPU
		{E635D331-B4E1-436E-BA6D-93ADD33D9267}.Debug|Any CPU.ActiveCfg = Debug|Any CPU
		{E635D331-B4E1-436E-BA6D-93ADD33D9267}.Debug|Any CPU.Build.0 = Debug|Any CPU
		{E635D331-B4E1-436E-BA6D-93ADD33D9267}.Release|Any CPU.ActiveCfg = Release|Any CPU
		{E635D331-B4E1-436E-BA6D-93ADD33D9267}.Release|Any CPU.Build.0 = Release|Any CPU
		{A93749AB-B3F0-4F3A-9FD3-7AE843DB9965}.Debug|Any CPU.ActiveCfg = Debug|Any CPU
		{A93749AB-B3F0-4F3A-9FD3-7AE843DB9965}.Debug|Any CPU.Build.0 = Debug|Any CPU
		{A93749AB-B3F0-4F3A-9FD3-7AE843DB9965}.Release|Any CPU.ActiveCfg = Release|Any CPU
		{A93749AB-B3F0-4F3A-9FD3-7AE843DB9965}.Release|Any CPU.Build.0 = Release|Any CPU
		{50EA8D50-4F05-4857-B906-FD8284159373}.Debug|Any CPU.ActiveCfg = Debug|Any CPU
		{50EA8D50-4F05-4857-B906-FD8284159373}.Debug|Any CPU.Build.0 = Debug|Any CPU
		{50EA8D50-4F05-4857-B906-FD8284159373}.Release|Any CPU.ActiveCfg = Release|Any CPU
		{50EA8D50-4F05-4857-B906-FD8284159373}.Release|Any CPU.Build.0 = Release|Any CPU
		{0D43658C-9711-4722-8DD2-BC58F0D45553}.Debug|Any CPU.ActiveCfg = Debug|Any CPU
		{0D43658C-9711-4722-8DD2-BC58F0D45553}.Debug|Any CPU.Build.0 = Debug|Any CPU
		{0D43658C-9711-4722-8DD2-BC58F0D45553}.Release|Any CPU.ActiveCfg = Release|Any CPU
		{0D43658C-9711-4722-8DD2-BC58F0D45553}.Release|Any CPU.Build.0 = Release|Any CPU
		{1528A09E-604C-431C-BCFE-86ED9999BD5A}.Debug|Any CPU.ActiveCfg = Debug|Any CPU
		{1528A09E-604C-431C-BCFE-86ED9999BD5A}.Debug|Any CPU.Build.0 = Debug|Any CPU
		{1528A09E-604C-431C-BCFE-86ED9999BD5A}.Release|Any CPU.ActiveCfg = Release|Any CPU
		{1528A09E-604C-431C-BCFE-86ED9999BD5A}.Release|Any CPU.Build.0 = Release|Any CPU
		{0FBCE0B6-808F-4191-B7BF-F15C1DF38434}.Debug|Any CPU.ActiveCfg = Debug|Any CPU
		{0FBCE0B6-808F-4191-B7BF-F15C1DF38434}.Debug|Any CPU.Build.0 = Debug|Any CPU
		{0FBCE0B6-808F-4191-B7BF-F15C1DF38434}.Release|Any CPU.ActiveCfg = Release|Any CPU
		{0FBCE0B6-808F-4191-B7BF-F15C1DF38434}.Release|Any CPU.Build.0 = Release|Any CPU
		{2F24353E-198D-4081-9968-A4F4659F4739}.Debug|Any CPU.ActiveCfg = Debug|Any CPU
		{2F24353E-198D-4081-9968-A4F4659F4739}.Debug|Any CPU.Build.0 = Debug|Any CPU
		{2F24353E-198D-4081-9968-A4F4659F4739}.Release|Any CPU.ActiveCfg = Release|Any CPU
		{2F24353E-198D-4081-9968-A4F4659F4739}.Release|Any CPU.Build.0 = Release|Any CPU
		{60595706-BEA2-4B40-BA48-F191F8363401}.Debug|Any CPU.ActiveCfg = Debug|Any CPU
		{60595706-BEA2-4B40-BA48-F191F8363401}.Debug|Any CPU.Build.0 = Debug|Any CPU
		{60595706-BEA2-4B40-BA48-F191F8363401}.Release|Any CPU.ActiveCfg = Release|Any CPU
		{60595706-BEA2-4B40-BA48-F191F8363401}.Release|Any CPU.Build.0 = Release|Any CPU
		{404B5D01-AD89-4B01-BC25-9AC741A79C05}.Debug|Any CPU.ActiveCfg = Debug|Any CPU
		{404B5D01-AD89-4B01-BC25-9AC741A79C05}.Debug|Any CPU.Build.0 = Debug|Any CPU
		{404B5D01-AD89-4B01-BC25-9AC741A79C05}.Release|Any CPU.ActiveCfg = Release|Any CPU
		{404B5D01-AD89-4B01-BC25-9AC741A79C05}.Release|Any CPU.Build.0 = Release|Any CPU
		{19F3B6E8-171F-4404-BD7E-1429C70B28B2}.Debug|Any CPU.ActiveCfg = Debug|Any CPU
		{19F3B6E8-171F-4404-BD7E-1429C70B28B2}.Debug|Any CPU.Build.0 = Debug|Any CPU
		{19F3B6E8-171F-4404-BD7E-1429C70B28B2}.Release|Any CPU.ActiveCfg = Release|Any CPU
		{19F3B6E8-171F-4404-BD7E-1429C70B28B2}.Release|Any CPU.Build.0 = Release|Any CPU
		{879732AE-DE9A-4AC4-93BF-E2344D823DC6}.Debug|Any CPU.ActiveCfg = Debug|Any CPU
		{879732AE-DE9A-4AC4-93BF-E2344D823DC6}.Debug|Any CPU.Build.0 = Debug|Any CPU
		{879732AE-DE9A-4AC4-93BF-E2344D823DC6}.Release|Any CPU.ActiveCfg = Release|Any CPU
		{879732AE-DE9A-4AC4-93BF-E2344D823DC6}.Release|Any CPU.Build.0 = Release|Any CPU
		{D771DB7E-7D92-44AA-86C7-1275881F5D07}.Debug|Any CPU.ActiveCfg = Debug|Any CPU
		{D771DB7E-7D92-44AA-86C7-1275881F5D07}.Debug|Any CPU.Build.0 = Debug|Any CPU
		{D771DB7E-7D92-44AA-86C7-1275881F5D07}.Release|Any CPU.ActiveCfg = Release|Any CPU
		{D771DB7E-7D92-44AA-86C7-1275881F5D07}.Release|Any CPU.Build.0 = Release|Any CPU
	EndGlobalSection
	GlobalSection(SolutionProperties) = preSolution
		HideSolutionNode = FALSE
	EndGlobalSection
	GlobalSection(NestedProjects) = preSolution
		{35ADFB6F-BC6B-4D11-96C3-D71EDECF4AA4} = {1A8D2D6C-8DFD-4A97-8C95-65D0260131C1}
		{E635D331-B4E1-436E-BA6D-93ADD33D9267} = {486E2DA4-DDA4-4402-A6D3-4ED1A8EF7ABE}
		{A93749AB-B3F0-4F3A-9FD3-7AE843DB9965} = {486E2DA4-DDA4-4402-A6D3-4ED1A8EF7ABE}
		{50EA8D50-4F05-4857-B906-FD8284159373} = {486E2DA4-DDA4-4402-A6D3-4ED1A8EF7ABE}
		{0D43658C-9711-4722-8DD2-BC58F0D45553} = {486E2DA4-DDA4-4402-A6D3-4ED1A8EF7ABE}
		{1528A09E-604C-431C-BCFE-86ED9999BD5A} = {2CC38F4F-57E9-4C31-9FDC-D80D528E4487}
		{0FBCE0B6-808F-4191-B7BF-F15C1DF38434} = {2CC38F4F-57E9-4C31-9FDC-D80D528E4487}
		{2F24353E-198D-4081-9968-A4F4659F4739} = {2CC38F4F-57E9-4C31-9FDC-D80D528E4487}
		{60595706-BEA2-4B40-BA48-F191F8363401} = {A3166C81-CFFD-4B3D-9E10-B8032B8DFB20}
		{404B5D01-AD89-4B01-BC25-9AC741A79C05} = {D2BAD780-74A5-4E5C-8515-79EE157F98BF}
		{19F3B6E8-171F-4404-BD7E-1429C70B28B2} = {D2BAD780-74A5-4E5C-8515-79EE157F98BF}
		{879732AE-DE9A-4AC4-93BF-E2344D823DC6} = {D2BAD780-74A5-4E5C-8515-79EE157F98BF}
		{D771DB7E-7D92-44AA-86C7-1275881F5D07} = {D2BAD780-74A5-4E5C-8515-79EE157F98BF}
	EndGlobalSection
	GlobalSection(ExtensibilityGlobals) = postSolution
		SolutionGuid = {F416593F-8CFA-45FA-8A04-DEE48D1F9CFB}
	EndGlobalSection
EndGlobal
